
Microsoft Visual Studio Solution File, Format Version 12.00
# Visual Studio 15
VisualStudioVersion = 15.0.28307.539
MinimumVisualStudioVersion = 10.0.40219.1
Project("{FAE04EC0-301F-11D3-BF4B-00C04F79EFBC}") = "TestApp", "TestApp\TestApp.csproj", "{18937C9B-79DF-4A08-AD11-8E2B8829CFE7}"
EndProject
Project("{FAE04EC0-301F-11D3-BF4B-00C04F79EFBC}") = "TestSimplified", "TestSimplified\TestSimplified.csproj", "{4D1758B0-84BD-4277-B30F-705AF8641AFE}"
EndProject
Global
	GlobalSection(SolutionConfigurationPlatforms) = preSolution
		Debug|ARM = Debug|ARM
		Debug|ARM64 = Debug|ARM64
		Debug|x64 = Debug|x64
		Debug|x86 = Debug|x86
		Release|ARM = Release|ARM
		Release|ARM64 = Release|ARM64
		Release|x64 = Release|x64
		Release|x86 = Release|x86
	EndGlobalSection
	GlobalSection(ProjectConfigurationPlatforms) = postSolution
		{18937C9B-79DF-4A08-AD11-8E2B8829CFE7}.Debug|ARM.ActiveCfg = Debug|ARM
		{18937C9B-79DF-4A08-AD11-8E2B8829CFE7}.Debug|ARM.Build.0 = Debug|ARM
		{18937C9B-79DF-4A08-AD11-8E2B8829CFE7}.Debug|ARM.Deploy.0 = Debug|ARM
		{18937C9B-79DF-4A08-AD11-8E2B8829CFE7}.Debug|ARM64.ActiveCfg = Debug|x86
		{18937C9B-79DF-4A08-AD11-8E2B8829CFE7}.Debug|x64.ActiveCfg = Debug|x64
		{18937C9B-79DF-4A08-AD11-8E2B8829CFE7}.Debug|x64.Build.0 = Debug|x64
		{18937C9B-79DF-4A08-AD11-8E2B8829CFE7}.Debug|x64.Deploy.0 = Debug|x64
		{18937C9B-79DF-4A08-AD11-8E2B8829CFE7}.Debug|x86.ActiveCfg = Debug|x86
		{18937C9B-79DF-4A08-AD11-8E2B8829CFE7}.Debug|x86.Build.0 = Debug|x86
		{18937C9B-79DF-4A08-AD11-8E2B8829CFE7}.Debug|x86.Deploy.0 = Debug|x86
		{18937C9B-79DF-4A08-AD11-8E2B8829CFE7}.Release|ARM.ActiveCfg = Release|ARM
		{18937C9B-79DF-4A08-AD11-8E2B8829CFE7}.Release|ARM.Build.0 = Release|ARM
		{18937C9B-79DF-4A08-AD11-8E2B8829CFE7}.Release|ARM.Deploy.0 = Release|ARM
		{18937C9B-79DF-4A08-AD11-8E2B8829CFE7}.Release|ARM64.ActiveCfg = Release|x86
		{18937C9B-79DF-4A08-AD11-8E2B8829CFE7}.Release|x64.ActiveCfg = Release|x64
		{18937C9B-79DF-4A08-AD11-8E2B8829CFE7}.Release|x64.Build.0 = Release|x64
		{18937C9B-79DF-4A08-AD11-8E2B8829CFE7}.Release|x64.Deploy.0 = Release|x64
		{18937C9B-79DF-4A08-AD11-8E2B8829CFE7}.Release|x86.ActiveCfg = Release|x86
		{18937C9B-79DF-4A08-AD11-8E2B8829CFE7}.Release|x86.Build.0 = Release|x86
		{18937C9B-79DF-4A08-AD11-8E2B8829CFE7}.Release|x86.Deploy.0 = Release|x86
		{4D1758B0-84BD-4277-B30F-705AF8641AFE}.Debug|ARM.ActiveCfg = Debug|ARM
		{4D1758B0-84BD-4277-B30F-705AF8641AFE}.Debug|ARM.Build.0 = Debug|ARM
		{4D1758B0-84BD-4277-B30F-705AF8641AFE}.Debug|ARM.Deploy.0 = Debug|ARM
		{4D1758B0-84BD-4277-B30F-705AF8641AFE}.Debug|ARM64.ActiveCfg = Debug|ARM64
		{4D1758B0-84BD-4277-B30F-705AF8641AFE}.Debug|ARM64.Build.0 = Debug|ARM64
		{4D1758B0-84BD-4277-B30F-705AF8641AFE}.Debug|ARM64.Deploy.0 = Debug|ARM64
		{4D1758B0-84BD-4277-B30F-705AF8641AFE}.Debug|x64.ActiveCfg = Debug|x64
		{4D1758B0-84BD-4277-B30F-705AF8641AFE}.Debug|x64.Build.0 = Debug|x64
		{4D1758B0-84BD-4277-B30F-705AF8641AFE}.Debug|x64.Deploy.0 = Debug|x64
		{4D1758B0-84BD-4277-B30F-705AF8641AFE}.Debug|x86.ActiveCfg = Debug|x86
		{4D1758B0-84BD-4277-B30F-705AF8641AFE}.Debug|x86.Build.0 = Debug|x86
		{4D1758B0-84BD-4277-B30F-705AF8641AFE}.Debug|x86.Deploy.0 = Debug|x86
		{4D1758B0-84BD-4277-B30F-705AF8641AFE}.Release|ARM.ActiveCfg = Release|ARM
		{4D1758B0-84BD-4277-B30F-705AF8641AFE}.Release|ARM.Build.0 = Release|ARM
		{4D1758B0-84BD-4277-B30F-705AF8641AFE}.Release|ARM.Deploy.0 = Release|ARM
		{4D1758B0-84BD-4277-B30F-705AF8641AFE}.Release|ARM64.ActiveCfg = Release|ARM64
		{4D1758B0-84BD-4277-B30F-705AF8641AFE}.Release|ARM64.Build.0 = Release|ARM64
		{4D1758B0-84BD-4277-B30F-705AF8641AFE}.Release|ARM64.Deploy.0 = Release|ARM64
		{4D1758B0-84BD-4277-B30F-705AF8641AFE}.Release|x64.ActiveCfg = Release|x64
		{4D1758B0-84BD-4277-B30F-705AF8641AFE}.Release|x64.Build.0 = Release|x64
		{4D1758B0-84BD-4277-B30F-705AF8641AFE}.Release|x64.Deploy.0 = Release|x64
		{4D1758B0-84BD-4277-B30F-705AF8641AFE}.Release|x86.ActiveCfg = Release|x86
		{4D1758B0-84BD-4277-B30F-705AF8641AFE}.Release|x86.Build.0 = Release|x86
		{4D1758B0-84BD-4277-B30F-705AF8641AFE}.Release|x86.Deploy.0 = Release|x86
	EndGlobalSection
	GlobalSection(SolutionProperties) = preSolution
		HideSolutionNode = FALSE
	EndGlobalSection
	GlobalSection(ExtensibilityGlobals) = postSolution
		SolutionGuid = {9E55A48E-D953-435B-8B98-00067350EABF}
	EndGlobalSection
EndGlobal
